// !$*UTF8*$!
{
	archiveVersion = 1;
	classes = {
	};
	objectVersion = 56;
	objects = {

/* Begin PBXBuildFile section */
		9E2188022B0B30AC00F0C2A8 /* TripDetailsView.swift in Sources */ = {isa = PBXBuildFile; fileRef = 9E2188012B0B30AC00F0C2A8 /* TripDetailsView.swift */; };
		9E2188042B0B343F00F0C2A8 /* ItineraryView.swift in Sources */ = {isa = PBXBuildFile; fileRef = 9E2188032B0B343F00F0C2A8 /* ItineraryView.swift */; };
		9E21880B2B0B8D5D00F0C2A8 /* Forever in Frameworks */ = {isa = PBXBuildFile; productRef = 9E21880A2B0B8D5D00F0C2A8 /* Forever */; };
		D96FB5532B0AED0900E99464 /* travel_appApp.swift in Sources */ = {isa = PBXBuildFile; fileRef = D96FB5522B0AED0900E99464 /* travel_appApp.swift */; };
		D96FB5552B0AED0900E99464 /* ContentView.swift in Sources */ = {isa = PBXBuildFile; fileRef = D96FB5542B0AED0900E99464 /* ContentView.swift */; };
		D96FB5572B0AED0B00E99464 /* Assets.xcassets in Resources */ = {isa = PBXBuildFile; fileRef = D96FB5562B0AED0B00E99464 /* Assets.xcassets */; };
		D96FB5612B0AF0EF00E99464 /* LocationsView.swift in Sources */ = {isa = PBXBuildFile; fileRef = D96FB5602B0AF0EF00E99464 /* LocationsView.swift */; };
		D96FB5632B0AF0F700E99464 /* HomeView.swift in Sources */ = {isa = PBXBuildFile; fileRef = D96FB5622B0AF0F700E99464 /* HomeView.swift */; };
		D96FB5652B0AF10000E99464 /* TripsView.swift in Sources */ = {isa = PBXBuildFile; fileRef = D96FB5642B0AF10000E99464 /* TripsView.swift */; };
		D96FB5672B0AF2F800E99464 /* NewTripsView.swift in Sources */ = {isa = PBXBuildFile; fileRef = D96FB5662B0AF2F800E99464 /* NewTripsView.swift */; };
		D96FB5692B0B00FE00E99464 /* Trip.swift in Sources */ = {isa = PBXBuildFile; fileRef = D96FB5682B0B00FE00E99464 /* Trip.swift */; };
		D98A3CD52B0B2A6500066D39 /* Todo.swift in Sources */ = {isa = PBXBuildFile; fileRef = D98A3CD42B0B2A6500066D39 /* Todo.swift */; };
		D98A3CD72B0B2A8E00066D39 /* PackingListView.swift in Sources */ = {isa = PBXBuildFile; fileRef = D98A3CD62B0B2A8E00066D39 /* PackingListView.swift */; };
		D98A3CD92B0B2D1000066D39 /* NewTodoView.swift in Sources */ = {isa = PBXBuildFile; fileRef = D98A3CD82B0B2D1000066D39 /* NewTodoView.swift */; };
		D9A2F8952B0B41920085087A /* NewDayView.swift in Sources */ = {isa = PBXBuildFile; fileRef = D9A2F8942B0B41920085087A /* NewDayView.swift */; };
/* End PBXBuildFile section */

/* Begin PBXFileReference section */
		9E2188012B0B30AC00F0C2A8 /* TripDetailsView.swift */ = {isa = PBXFileReference; lastKnownFileType = sourcecode.swift; path = TripDetailsView.swift; sourceTree = "<group>"; };
		9E2188032B0B343F00F0C2A8 /* ItineraryView.swift */ = {isa = PBXFileReference; lastKnownFileType = sourcecode.swift; path = ItineraryView.swift; sourceTree = "<group>"; };
		D96FB54F2B0AED0900E99464 /* travel app.app */ = {isa = PBXFileReference; explicitFileType = wrapper.application; includeInIndex = 0; path = "travel app.app"; sourceTree = BUILT_PRODUCTS_DIR; };
		D96FB5522B0AED0900E99464 /* travel_appApp.swift */ = {isa = PBXFileReference; lastKnownFileType = sourcecode.swift; path = travel_appApp.swift; sourceTree = "<group>"; };
		D96FB5542B0AED0900E99464 /* ContentView.swift */ = {isa = PBXFileReference; lastKnownFileType = sourcecode.swift; path = ContentView.swift; sourceTree = "<group>"; };
		D96FB5562B0AED0B00E99464 /* Assets.xcassets */ = {isa = PBXFileReference; lastKnownFileType = folder.assetcatalog; path = Assets.xcassets; sourceTree = "<group>"; };
		D96FB5602B0AF0EF00E99464 /* LocationsView.swift */ = {isa = PBXFileReference; lastKnownFileType = sourcecode.swift; path = LocationsView.swift; sourceTree = "<group>"; };
		D96FB5622B0AF0F700E99464 /* HomeView.swift */ = {isa = PBXFileReference; lastKnownFileType = sourcecode.swift; path = HomeView.swift; sourceTree = "<group>"; };
		D96FB5642B0AF10000E99464 /* TripsView.swift */ = {isa = PBXFileReference; lastKnownFileType = sourcecode.swift; path = TripsView.swift; sourceTree = "<group>"; };
		D96FB5662B0AF2F800E99464 /* NewTripsView.swift */ = {isa = PBXFileReference; lastKnownFileType = sourcecode.swift; path = NewTripsView.swift; sourceTree = "<group>"; };
		D96FB5682B0B00FE00E99464 /* Trip.swift */ = {isa = PBXFileReference; lastKnownFileType = sourcecode.swift; path = Trip.swift; sourceTree = "<group>"; };
		D98A3CD42B0B2A6500066D39 /* Todo.swift */ = {isa = PBXFileReference; lastKnownFileType = sourcecode.swift; path = Todo.swift; sourceTree = "<group>"; };
		D98A3CD62B0B2A8E00066D39 /* PackingListView.swift */ = {isa = PBXFileReference; lastKnownFileType = sourcecode.swift; path = PackingListView.swift; sourceTree = "<group>"; };
		D98A3CD82B0B2D1000066D39 /* NewTodoView.swift */ = {isa = PBXFileReference; lastKnownFileType = sourcecode.swift; path = NewTodoView.swift; sourceTree = "<group>"; };
		D9A2F8942B0B41920085087A /* NewDayView.swift */ = {isa = PBXFileReference; lastKnownFileType = sourcecode.swift; path = NewDayView.swift; sourceTree = "<group>"; };
/* End PBXFileReference section */

/* Begin PBXFrameworksBuildPhase section */
		D96FB54C2B0AED0900E99464 /* Frameworks */ = {
			isa = PBXFrameworksBuildPhase;
			buildActionMask = 2147483647;
			files = (
				9E21880B2B0B8D5D00F0C2A8 /* Forever in Frameworks */,
			);
			runOnlyForDeploymentPostprocessing = 0;
		};
/* End PBXFrameworksBuildPhase section */

/* Begin PBXGroup section */
		9E2188082B0B8C8700F0C2A8 /* Preview Content */ = {
			isa = PBXGroup;
			children = (
			);
			path = "Preview Content";
			sourceTree = "<group>";
		};
		D96FB5462B0AED0900E99464 = {
			isa = PBXGroup;
			children = (
				D96FB5512B0AED0900E99464 /* travel app */,
				D96FB5502B0AED0900E99464 /* Products */,
			);
			sourceTree = "<group>";
		};
		D96FB5502B0AED0900E99464 /* Products */ = {
			isa = PBXGroup;
			children = (
				D96FB54F2B0AED0900E99464 /* travel app.app */,
			);
			name = Products;
			sourceTree = "<group>";
		};
		D96FB5512B0AED0900E99464 /* travel app */ = {
			isa = PBXGroup;
			children = (
				9E2188082B0B8C8700F0C2A8 /* Preview Content */,
				D96FB5522B0AED0900E99464 /* travel_appApp.swift */,
				D96FB5542B0AED0900E99464 /* ContentView.swift */,
				D96FB5602B0AF0EF00E99464 /* LocationsView.swift */,
				D96FB5622B0AF0F700E99464 /* HomeView.swift */,
				D9A2F8982B0B43360085087A /* Trips */,
				D96FB5562B0AED0B00E99464 /* Assets.xcassets */,
			);
			path = "travel app";
			sourceTree = "<group>";
		};
		D9A2F8982B0B43360085087A /* Trips */ = {
			isa = PBXGroup;
			children = (
				D9A2F89A2B0B43810085087A /* Itinerary */,
				D9A2F8992B0B43710085087A /* Packing List */,
				D96FB5642B0AF10000E99464 /* TripsView.swift */,
				D96FB5682B0B00FE00E99464 /* Trip.swift */,
				D96FB5662B0AF2F800E99464 /* NewTripsView.swift */,
			);
			path = Trips;
			sourceTree = "<group>";
		};
		D9A2F8992B0B43710085087A /* Packing List */ = {
			isa = PBXGroup;
			children = (
				D98A3CD42B0B2A6500066D39 /* Todo.swift */,
				D98A3CD82B0B2D1000066D39 /* NewTodoView.swift */,
				9E2188012B0B30AC00F0C2A8 /* TripDetailsView.swift */,
				D98A3CD62B0B2A8E00066D39 /* PackingListView.swift */,
			);
			path = "Packing List";
			sourceTree = "<group>";
		};
		D9A2F89A2B0B43810085087A /* Itinerary */ = {
			isa = PBXGroup;
			children = (
				D9A2F8942B0B41920085087A /* NewDayView.swift */,
				9E2188032B0B343F00F0C2A8 /* ItineraryView.swift */,
			);
			path = Itinerary;
			sourceTree = "<group>";
		};
/* End PBXGroup section */

/* Begin PBXNativeTarget section */
		D96FB54E2B0AED0900E99464 /* travel app */ = {
			isa = PBXNativeTarget;
			buildConfigurationList = D96FB55D2B0AED0B00E99464 /* Build configuration list for PBXNativeTarget "travel app" */;
			buildPhases = (
				D96FB54B2B0AED0900E99464 /* Sources */,
				D96FB54C2B0AED0900E99464 /* Frameworks */,
				D96FB54D2B0AED0900E99464 /* Resources */,
			);
			buildRules = (
			);
			dependencies = (
			);
			name = "travel app";
			packageProductDependencies = (
				9E21880A2B0B8D5D00F0C2A8 /* Forever */,
			);
			productName = "travel app";
			productReference = D96FB54F2B0AED0900E99464 /* travel app.app */;
			productType = "com.apple.product-type.application";
		};
/* End PBXNativeTarget section */

/* Begin PBXProject section */
		D96FB5472B0AED0900E99464 /* Project object */ = {
			isa = PBXProject;
			attributes = {
				BuildIndependentTargetsInParallel = 1;
				LastSwiftUpdateCheck = 1420;
				LastUpgradeCheck = 1500;
				TargetAttributes = {
					D96FB54E2B0AED0900E99464 = {
						CreatedOnToolsVersion = 14.2;
					};
				};
			};
			buildConfigurationList = D96FB54A2B0AED0900E99464 /* Build configuration list for PBXProject "travel app" */;
			compatibilityVersion = "Xcode 14.0";
			developmentRegion = en;
			hasScannedForEncodings = 0;
			knownRegions = (
				en,
				Base,
			);
			mainGroup = D96FB5462B0AED0900E99464;
			packageReferences = (
				9E2188092B0B8D5D00F0C2A8 /* XCRemoteSwiftPackageReference "forever" */,
			);
			productRefGroup = D96FB5502B0AED0900E99464 /* Products */;
			projectDirPath = "";
			projectRoot = "";
			targets = (
				D96FB54E2B0AED0900E99464 /* travel app */,
			);
		};
/* End PBXProject section */

/* Begin PBXResourcesBuildPhase section */
		D96FB54D2B0AED0900E99464 /* Resources */ = {
			isa = PBXResourcesBuildPhase;
			buildActionMask = 2147483647;
			files = (
				D96FB5572B0AED0B00E99464 /* Assets.xcassets in Resources */,
			);
			runOnlyForDeploymentPostprocessing = 0;
		};
/* End PBXResourcesBuildPhase section */

/* Begin PBXSourcesBuildPhase section */
		D96FB54B2B0AED0900E99464 /* Sources */ = {
			isa = PBXSourcesBuildPhase;
			buildActionMask = 2147483647;
			files = (
				9E2188022B0B30AC00F0C2A8 /* TripDetailsView.swift in Sources */,
				D96FB5652B0AF10000E99464 /* TripsView.swift in Sources */,
				D96FB5612B0AF0EF00E99464 /* LocationsView.swift in Sources */,
				D96FB5632B0AF0F700E99464 /* HomeView.swift in Sources */,
				D98A3CD92B0B2D1000066D39 /* NewTodoView.swift in Sources */,
				D98A3CD52B0B2A6500066D39 /* Todo.swift in Sources */,
				D96FB5552B0AED0900E99464 /* ContentView.swift in Sources */,
				9E2188042B0B343F00F0C2A8 /* ItineraryView.swift in Sources */,
				D9A2F8952B0B41920085087A /* NewDayView.swift in Sources */,
				D96FB5672B0AF2F800E99464 /* NewTripsView.swift in Sources */,
				D96FB5692B0B00FE00E99464 /* Trip.swift in Sources */,
				D98A3CD72B0B2A8E00066D39 /* PackingListView.swift in Sources */,
				D96FB5532B0AED0900E99464 /* travel_appApp.swift in Sources */,
			);
			runOnlyForDeploymentPostprocessing = 0;
		};
/* End PBXSourcesBuildPhase section */

/* Begin XCBuildConfiguration section */
		D96FB55B2B0AED0B00E99464 /* Debug */ = {
			isa = XCBuildConfiguration;
			buildSettings = {
				ALWAYS_SEARCH_USER_PATHS = NO;
				CLANG_ANALYZER_NONNULL = YES;
				CLANG_ANALYZER_NUMBER_OBJECT_CONVERSION = YES_AGGRESSIVE;
				CLANG_CXX_LANGUAGE_STANDARD = "gnu++20";
				CLANG_ENABLE_MODULES = YES;
				CLANG_ENABLE_OBJC_ARC = YES;
				CLANG_ENABLE_OBJC_WEAK = YES;
				CLANG_WARN_BLOCK_CAPTURE_AUTORELEASING = YES;
				CLANG_WARN_BOOL_CONVERSION = YES;
				CLANG_WARN_COMMA = YES;
				CLANG_WARN_CONSTANT_CONVERSION = YES;
				CLANG_WARN_DEPRECATED_OBJC_IMPLEMENTATIONS = YES;
				CLANG_WARN_DIRECT_OBJC_ISA_USAGE = YES_ERROR;
				CLANG_WARN_DOCUMENTATION_COMMENTS = YES;
				CLANG_WARN_EMPTY_BODY = YES;
				CLANG_WARN_ENUM_CONVERSION = YES;
				CLANG_WARN_INFINITE_RECURSION = YES;
				CLANG_WARN_INT_CONVERSION = YES;
				CLANG_WARN_NON_LITERAL_NULL_CONVERSION = YES;
				CLANG_WARN_OBJC_IMPLICIT_RETAIN_SELF = YES;
				CLANG_WARN_OBJC_LITERAL_CONVERSION = YES;
				CLANG_WARN_OBJC_ROOT_CLASS = YES_ERROR;
				CLANG_WARN_QUOTED_INCLUDE_IN_FRAMEWORK_HEADER = YES;
				CLANG_WARN_RANGE_LOOP_ANALYSIS = YES;
				CLANG_WARN_STRICT_PROTOTYPES = YES;
				CLANG_WARN_SUSPICIOUS_MOVE = YES;
				CLANG_WARN_UNGUARDED_AVAILABILITY = YES_AGGRESSIVE;
				CLANG_WARN_UNREACHABLE_CODE = YES;
				CLANG_WARN__DUPLICATE_METHOD_MATCH = YES;
				COPY_PHASE_STRIP = NO;
				DEBUG_INFORMATION_FORMAT = dwarf;
				ENABLE_STRICT_OBJC_MSGSEND = YES;
				ENABLE_TESTABILITY = YES;
				ENABLE_USER_SCRIPT_SANDBOXING = YES;
				GCC_C_LANGUAGE_STANDARD = gnu11;
				GCC_DYNAMIC_NO_PIC = NO;
				GCC_NO_COMMON_BLOCKS = YES;
				GCC_OPTIMIZATION_LEVEL = 0;
				GCC_PREPROCESSOR_DEFINITIONS = (
					"DEBUG=1",
					"$(inherited)",
				);
				GCC_WARN_64_TO_32_BIT_CONVERSION = YES;
				GCC_WARN_ABOUT_RETURN_TYPE = YES_ERROR;
				GCC_WARN_UNDECLARED_SELECTOR = YES;
				GCC_WARN_UNINITIALIZED_AUTOS = YES_AGGRESSIVE;
				GCC_WARN_UNUSED_FUNCTION = YES;
				GCC_WARN_UNUSED_VARIABLE = YES;
				IPHONEOS_DEPLOYMENT_TARGET = 16.2;
				MTL_ENABLE_DEBUG_INFO = INCLUDE_SOURCE;
				MTL_FAST_MATH = YES;
				ONLY_ACTIVE_ARCH = YES;
				SDKROOT = iphoneos;
				SWIFT_ACTIVE_COMPILATION_CONDITIONS = DEBUG;
				SWIFT_OPTIMIZATION_LEVEL = "-Onone";
			};
			name = Debug;
		};
		D96FB55C2B0AED0B00E99464 /* Release */ = {
			isa = XCBuildConfiguration;
			buildSettings = {
				ALWAYS_SEARCH_USER_PATHS = NO;
				CLANG_ANALYZER_NONNULL = YES;
				CLANG_ANALYZER_NUMBER_OBJECT_CONVERSION = YES_AGGRESSIVE;
				CLANG_CXX_LANGUAGE_STANDARD = "gnu++20";
				CLANG_ENABLE_MODULES = YES;
				CLANG_ENABLE_OBJC_ARC = YES;
				CLANG_ENABLE_OBJC_WEAK = YES;
				CLANG_WARN_BLOCK_CAPTURE_AUTORELEASING = YES;
				CLANG_WARN_BOOL_CONVERSION = YES;
				CLANG_WARN_COMMA = YES;
				CLANG_WARN_CONSTANT_CONVERSION = YES;
				CLANG_WARN_DEPRECATED_OBJC_IMPLEMENTATIONS = YES;
				CLANG_WARN_DIRECT_OBJC_ISA_USAGE = YES_ERROR;
				CLANG_WARN_DOCUMENTATION_COMMENTS = YES;
				CLANG_WARN_EMPTY_BODY = YES;
				CLANG_WARN_ENUM_CONVERSION = YES;
				CLANG_WARN_INFINITE_RECURSION = YES;
				CLANG_WARN_INT_CONVERSION = YES;
				CLANG_WARN_NON_LITERAL_NULL_CONVERSION = YES;
				CLANG_WARN_OBJC_IMPLICIT_RETAIN_SELF = YES;
				CLANG_WARN_OBJC_LITERAL_CONVERSION = YES;
				CLANG_WARN_OBJC_ROOT_CLASS = YES_ERROR;
				CLANG_WARN_QUOTED_INCLUDE_IN_FRAMEWORK_HEADER = YES;
				CLANG_WARN_RANGE_LOOP_ANALYSIS = YES;
				CLANG_WARN_STRICT_PROTOTYPES = YES;
				CLANG_WARN_SUSPICIOUS_MOVE = YES;
				CLANG_WARN_UNGUARDED_AVAILABILITY = YES_AGGRESSIVE;
				CLANG_WARN_UNREACHABLE_CODE = YES;
				CLANG_WARN__DUPLICATE_METHOD_MATCH = YES;
				COPY_PHASE_STRIP = NO;
				DEBUG_INFORMATION_FORMAT = "dwarf-with-dsym";
				ENABLE_NS_ASSERTIONS = NO;
				ENABLE_STRICT_OBJC_MSGSEND = YES;
				ENABLE_USER_SCRIPT_SANDBOXING = YES;
				GCC_C_LANGUAGE_STANDARD = gnu11;
				GCC_NO_COMMON_BLOCKS = YES;
				GCC_WARN_64_TO_32_BIT_CONVERSION = YES;
				GCC_WARN_ABOUT_RETURN_TYPE = YES_ERROR;
				GCC_WARN_UNDECLARED_SELECTOR = YES;
				GCC_WARN_UNINITIALIZED_AUTOS = YES_AGGRESSIVE;
				GCC_WARN_UNUSED_FUNCTION = YES;
				GCC_WARN_UNUSED_VARIABLE = YES;
				IPHONEOS_DEPLOYMENT_TARGET = 16.2;
				MTL_ENABLE_DEBUG_INFO = NO;
				MTL_FAST_MATH = YES;
				SDKROOT = iphoneos;
				SWIFT_COMPILATION_MODE = wholemodule;
				SWIFT_OPTIMIZATION_LEVEL = "-O";
				VALIDATE_PRODUCT = YES;
			};
			name = Release;
		};
		D96FB55E2B0AED0B00E99464 /* Debug */ = {
			isa = XCBuildConfiguration;
			buildSettings = {
				ASSETCATALOG_COMPILER_APPICON_NAME = AppIcon;
				ASSETCATALOG_COMPILER_GLOBAL_ACCENT_COLOR_NAME = AccentColor;
				CODE_SIGN_STYLE = Automatic;
				CURRENT_PROJECT_VERSION = 1;
				DEVELOPMENT_ASSET_PATHS = "\"travel app/Preview Content\"";
				ENABLE_PREVIEWS = YES;
				GENERATE_INFOPLIST_FILE = YES;
				INFOPLIST_KEY_UIApplicationSceneManifest_Generation = YES;
				INFOPLIST_KEY_UIApplicationSupportsIndirectInputEvents = YES;
				INFOPLIST_KEY_UILaunchScreen_Generation = YES;
				INFOPLIST_KEY_UISupportedInterfaceOrientations_iPad = "UIInterfaceOrientationPortrait UIInterfaceOrientationPortraitUpsideDown UIInterfaceOrientationLandscapeLeft UIInterfaceOrientationLandscapeRight";
				INFOPLIST_KEY_UISupportedInterfaceOrientations_iPhone = "UIInterfaceOrientationPortrait UIInterfaceOrientationLandscapeLeft UIInterfaceOrientationLandscapeRight";
				LD_RUNPATH_SEARCH_PATHS = (
					"$(inherited)",
					"@executable_path/Frameworks",
				);
				MARKETING_VERSION = 1.0;
				PRODUCT_BUNDLE_IDENTIFIER = "sg.tk.travel-app";
				PRODUCT_NAME = "$(TARGET_NAME)";
				SWIFT_EMIT_LOC_STRINGS = YES;
				SWIFT_VERSION = 5.0;
				TARGETED_DEVICE_FAMILY = "1,2";
			};
			name = Debug;
		};
		D96FB55F2B0AED0B00E99464 /* Release */ = {
			isa = XCBuildConfiguration;
			buildSettings = {
				ASSETCATALOG_COMPILER_APPICON_NAME = AppIcon;
				ASSETCATALOG_COMPILER_GLOBAL_ACCENT_COLOR_NAME = AccentColor;
				CODE_SIGN_STYLE = Automatic;
				CURRENT_PROJECT_VERSION = 1;
				DEVELOPMENT_ASSET_PATHS = "\"travel app/Preview Content\"";
				ENABLE_PREVIEWS = YES;
				GENERATE_INFOPLIST_FILE = YES;
				INFOPLIST_KEY_UIApplicationSceneManifest_Generation = YES;
				INFOPLIST_KEY_UIApplicationSupportsIndirectInputEvents = YES;
				INFOPLIST_KEY_UILaunchScreen_Generation = YES;
				INFOPLIST_KEY_UISupportedInterfaceOrientations_iPad = "UIInterfaceOrientationPortrait UIInterfaceOrientationPortraitUpsideDown UIInterfaceOrientationLandscapeLeft UIInterfaceOrientationLandscapeRight";
				INFOPLIST_KEY_UISupportedInterfaceOrientations_iPhone = "UIInterfaceOrientationPortrait UIInterfaceOrientationLandscapeLeft UIInterfaceOrientationLandscapeRight";
				LD_RUNPATH_SEARCH_PATHS = (
					"$(inherited)",
					"@executable_path/Frameworks",
				);
				MARKETING_VERSION = 1.0;
				PRODUCT_BUNDLE_IDENTIFIER = "sg.tk.travel-app";
				PRODUCT_NAME = "$(TARGET_NAME)";
				SWIFT_EMIT_LOC_STRINGS = YES;
				SWIFT_VERSION = 5.0;
				TARGETED_DEVICE_FAMILY = "1,2";
			};
			name = Release;
		};
/* End XCBuildConfiguration section */

/* Begin XCConfigurationList section */
		D96FB54A2B0AED0900E99464 /* Build configuration list for PBXProject "travel app" */ = {
			isa = XCConfigurationList;
			buildConfigurations = (
				D96FB55B2B0AED0B00E99464 /* Debug */,
				D96FB55C2B0AED0B00E99464 /* Release */,
			);
			defaultConfigurationIsVisible = 0;
			defaultConfigurationName = Release;
		};
		D96FB55D2B0AED0B00E99464 /* Build configuration list for PBXNativeTarget "travel app" */ = {
			isa = XCConfigurationList;
			buildConfigurations = (
				D96FB55E2B0AED0B00E99464 /* Debug */,
				D96FB55F2B0AED0B00E99464 /* Release */,
			);
			defaultConfigurationIsVisible = 0;
			defaultConfigurationName = Release;
		};
/* End XCConfigurationList section */

/* Begin XCRemoteSwiftPackageReference section */
		9E2188092B0B8D5D00F0C2A8 /* XCRemoteSwiftPackageReference "forever" */ = {
			isa = XCRemoteSwiftPackageReference;
			repositoryURL = "https://github.com/jiachenyee/forever";
			requirement = {
				kind = upToNextMajorVersion;
				minimumVersion = 1.1.0;
			};
		};
/* End XCRemoteSwiftPackageReference section */

/* Begin XCSwiftPackageProductDependency section */
		9E21880A2B0B8D5D00F0C2A8 /* Forever */ = {
			isa = XCSwiftPackageProductDependency;
			package = 9E2188092B0B8D5D00F0C2A8 /* XCRemoteSwiftPackageReference "forever" */;
			productName = Forever;
		};
/* End XCSwiftPackageProductDependency section */
	};
	rootObject = D96FB5472B0AED0900E99464 /* Project object */;
}
